
Microsoft Visual Studio Solution File, Format Version 12.00
# Visual Studio Version 16
VisualStudioVersion = 16.0.32929.386
MinimumVisualStudioVersion = 10.0.40219.1
Project("{FAE04EC0-301F-11D3-BF4B-00C04F79EFBC}") = "Settler", "Settler.csproj", "{C6E56EB3-DA30-4C91-8372-7936DB6280B0}"
EndProject
Global
	GlobalSection(SolutionConfigurationPlatforms) = preSolution
		Debug|Any CPU = Debug|Any CPU
		Release|Any CPU = Release|Any CPU
	EndGlobalSection
	GlobalSection(ProjectConfigurationPlatforms) = postSolution
		{C6E56EB3-DA30-4C91-8372-7936DB6280B0}.Debug|Any CPU.ActiveCfg = Debug|Any CPU
		{C6E56EB3-DA30-4C91-8372-7936DB6280B0}.Debug|Any CPU.Build.0 = Debug|Any CPU
		{C6E56EB3-DA30-4C91-8372-7936DB6280B0}.Release|Any CPU.ActiveCfg = Release|Any CPU
		{C6E56EB3-DA30-4C91-8372-7936DB6280B0}.Release|Any CPU.Build.0 = Release|Any CPU
	EndGlobalSection
	GlobalSection(SolutionProperties) = preSolution
		HideSolutionNode = FALSE
	EndGlobalSection
	GlobalSection(ExtensibilityGlobals) = postSolution
		SolutionGuid = {51CE69F0-EE21-4017-9DD4-752E85E24697}
	EndGlobalSection
EndGlobal
